
Microsoft Visual Studio Solution File, Format Version 12.00
# Visual Studio Version 16
VisualStudioVersion = 16.0.31205.134
MinimumVisualStudioVersion = 10.0.40219.1
Project("{FAE04EC0-301F-11D3-BF4B-00C04F79EFBC}") = "HerokuApiDemo", "HerokuApiDemo\HerokuApiDemo.csproj", "{B4C2119A-7D99-457C-A46D-97CD66E3947A}"
EndProject
Global
	GlobalSection(SolutionConfigurationPlatforms) = preSolution
		Debug|Any CPU = Debug|Any CPU
		Release|Any CPU = Release|Any CPU
	EndGlobalSection
	GlobalSection(ProjectConfigurationPlatforms) = postSolution
		{B4C2119A-7D99-457C-A46D-97CD66E3947A}.Debug|Any CPU.ActiveCfg = Debug|Any CPU
		{B4C2119A-7D99-457C-A46D-97CD66E3947A}.Debug|Any CPU.Build.0 = Debug|Any CPU
		{B4C2119A-7D99-457C-A46D-97CD66E3947A}.Release|Any CPU.ActiveCfg = Release|Any CPU
		{B4C2119A-7D99-457C-A46D-97CD66E3947A}.Release|Any CPU.Build.0 = Release|Any CPU
	EndGlobalSection
	GlobalSection(SolutionProperties) = preSolution
		HideSolutionNode = FALSE
	EndGlobalSection
	GlobalSection(ExtensibilityGlobals) = postSolution
		SolutionGuid = {FCE0A1AF-607C-454B-9BAF-79C14677F16C}
	EndGlobalSection
EndGlobal
